
Microsoft Visual Studio Solution File, Format Version 12.00
# Visual Studio Version 17
VisualStudioVersion = 17.7.34221.43
MinimumVisualStudioVersion = 10.0.40219.1
Project("{9A19103F-16F7-4668-BE54-9A1E7A4F7556}") = "Task3", "Task3.csproj", "{ABEADEC1-A8D6-478B-9CAD-D2093B1C3BAF}"
EndProject
Global
	GlobalSection(SolutionConfigurationPlatforms) = preSolution
		Debug|Any CPU = Debug|Any CPU
		Release|Any CPU = Release|Any CPU
	EndGlobalSection
	GlobalSection(ProjectConfigurationPlatforms) = postSolution
		{ABEADEC1-A8D6-478B-9CAD-D2093B1C3BAF}.Debug|Any CPU.ActiveCfg = Debug|Any CPU
		{ABEADEC1-A8D6-478B-9CAD-D2093B1C3BAF}.Debug|Any CPU.Build.0 = Debug|Any CPU
		{ABEADEC1-A8D6-478B-9CAD-D2093B1C3BAF}.Release|Any CPU.ActiveCfg = Release|Any CPU
		{ABEADEC1-A8D6-478B-9CAD-D2093B1C3BAF}.Release|Any CPU.Build.0 = Release|Any CPU
	EndGlobalSection
	GlobalSection(SolutionProperties) = preSolution
		HideSolutionNode = FALSE
	EndGlobalSection
	GlobalSection(ExtensibilityGlobals) = postSolution
		SolutionGuid = {00F68036-134F-441F-9BF2-FB3799444548}
	EndGlobalSection
EndGlobal
