
Microsoft Visual Studio Solution File, Format Version 12.00
# Visual Studio Version 17
VisualStudioVersion = 17.7.34221.43
MinimumVisualStudioVersion = 10.0.40219.1
Project("{9A19103F-16F7-4668-BE54-9A1E7A4F7556}") = "Lab4", "Lab4.csproj", "{43FA934B-3848-4019-815D-A8CB324AE0C0}"
EndProject
Global
	GlobalSection(SolutionConfigurationPlatforms) = preSolution
		Debug|Any CPU = Debug|Any CPU
		Release|Any CPU = Release|Any CPU
	EndGlobalSection
	GlobalSection(ProjectConfigurationPlatforms) = postSolution
		{43FA934B-3848-4019-815D-A8CB324AE0C0}.Debug|Any CPU.ActiveCfg = Debug|Any CPU
		{43FA934B-3848-4019-815D-A8CB324AE0C0}.Debug|Any CPU.Build.0 = Debug|Any CPU
		{43FA934B-3848-4019-815D-A8CB324AE0C0}.Release|Any CPU.ActiveCfg = Release|Any CPU
		{43FA934B-3848-4019-815D-A8CB324AE0C0}.Release|Any CPU.Build.0 = Release|Any CPU
	EndGlobalSection
	GlobalSection(SolutionProperties) = preSolution
		HideSolutionNode = FALSE
	EndGlobalSection
	GlobalSection(ExtensibilityGlobals) = postSolution
		SolutionGuid = {80FD8187-83ED-4EC5-A9B5-903131CB17DD}
	EndGlobalSection
EndGlobal
